// !$*UTF8*$!
{
	archiveVersion = 1;
	classes = {
	};
	objectVersion = 46;
	objects = {

/* Begin PBXBuildFile section */
		1800C85A1F2ACDA900E3E8B9 /* BitMapVC.m in Sources */ = {isa = PBXBuildFile; fileRef = 1800C8591F2ACDA900E3E8B9 /* BitMapVC.m */; };
		1800C85D1F2ACE1A00E3E8B9 /* BitMapView.m in Sources */ = {isa = PBXBuildFile; fileRef = 1800C85C1F2ACE1A00E3E8B9 /* BitMapView.m */; };
		180279231ED95E1B009BBA97 /* UIViewController+Tracking.m in Sources */ = {isa = PBXBuildFile; fileRef = 180279221ED95E1B009BBA97 /* UIViewController+Tracking.m */; };
		18087AD21EFD03EA009CEF47 /* MD5Encryption.m in Sources */ = {isa = PBXBuildFile; fileRef = 18087AD11EFD03EA009CEF47 /* MD5Encryption.m */; };
		180EE1681ED7D1C500381806 /* animationInSwift.swift in Sources */ = {isa = PBXBuildFile; fileRef = 180EE1671ED7D1C500381806 /* animationInSwift.swift */; };
		1812C6371F4D212F00F34380 /* BDDiffVC.m in Sources */ = {isa = PBXBuildFile; fileRef = 1812C6361F4D212F00F34380 /* BDDiffVC.m */; };
		1812C63A1F4D221300F34380 /* BDDiffView.m in Sources */ = {isa = PBXBuildFile; fileRef = 1812C6391F4D221300F34380 /* BDDiffView.m */; };
		18197F691F71208900CDF2E5 /* PointPathManage.swift in Sources */ = {isa = PBXBuildFile; fileRef = 18197F681F71208900CDF2E5 /* PointPathManage.swift */; };
		181A19A41F3EDF08007FC8C4 /* TextureVC.m in Sources */ = {isa = PBXBuildFile; fileRef = 181A19A31F3EDF08007FC8C4 /* TextureVC.m */; };
		181A19A71F3F3BB5007FC8C4 /* LayoutLearnNode.m in Sources */ = {isa = PBXBuildFile; fileRef = 181A19A61F3F3BB5007FC8C4 /* LayoutLearnNode.m */; };
		1822FD6A1F68D9EB0031C819 /* SwiftLab.swift in Sources */ = {isa = PBXBuildFile; fileRef = 1822FD691F68D9EB0031C819 /* SwiftLab.swift */; };
		182B63D71EC00EEF00E2DADA /* UIViewController+testSubFunc.m in Sources */ = {isa = PBXBuildFile; fileRef = 182B63D61EC00EEF00E2DADA /* UIViewController+testSubFunc.m */; };
		182D20601F4FBAE00057DC34 /* AsyncSafeVC.m in Sources */ = {isa = PBXBuildFile; fileRef = 182D205F1F4FBAE00057DC34 /* AsyncSafeVC.m */; };
		182D20631F4FBBBD0057DC34 /* AsyncSafeOCManage.m in Sources */ = {isa = PBXBuildFile; fileRef = 182D20621F4FBBBD0057DC34 /* AsyncSafeOCManage.m */; };
		182D20651F4FBBFD0057DC34 /* AsyncSafeSwiftyManage.swift in Sources */ = {isa = PBXBuildFile; fileRef = 182D20641F4FBBFD0057DC34 /* AsyncSafeSwiftyManage.swift */; };
		1836C6E21F4684B300D478AC /* BlueTooth.swift in Sources */ = {isa = PBXBuildFile; fileRef = 1836C6E11F4684B300D478AC /* BlueTooth.swift */; };
		184955B11EE00D6A00AE7634 /* HelloOperation.m in Sources */ = {isa = PBXBuildFile; fileRef = 184955B01EE00D6A00AE7634 /* HelloOperation.m */; };
		185B8D061F39613D00B1C9C5 /* ResizeImageVC.m in Sources */ = {isa = PBXBuildFile; fileRef = 185B8D051F39613D00B1C9C5 /* ResizeImageVC.m */; };
		185E247D1EB041AD006B5ABD /* globalDefine.swift in Sources */ = {isa = PBXBuildFile; fileRef = 185E247C1EB041AD006B5ABD /* globalDefine.swift */; };
		185E247F1EB077F4006B5ABD /* closureTestView.swift in Sources */ = {isa = PBXBuildFile; fileRef = 185E247E1EB077F4006B5ABD /* closureTestView.swift */; };
		185F85921E83CD530051B761 /* testChild.m in Sources */ = {isa = PBXBuildFile; fileRef = 185F85911E83CD530051B761 /* testChild.m */; };
		1861607E1F36BAD200A877CE /* SwiftyDiffVC.swift in Sources */ = {isa = PBXBuildFile; fileRef = 1861607D1F36BAD200A877CE /* SwiftyDiffVC.swift */; };
		186160821F36BD6200A877CE /* NSObject+Utility.m in Sources */ = {isa = PBXBuildFile; fileRef = 186160811F36BD6200A877CE /* NSObject+Utility.m */; };
		1861A1531F23228E00055620 /* SwiftyImportView.swift in Sources */ = {isa = PBXBuildFile; fileRef = 1861A1521F23228E00055620 /* SwiftyImportView.swift */; };
		1861A1561F23231700055620 /* KeyBoardVC.m in Sources */ = {isa = PBXBuildFile; fileRef = 1861A1551F23231700055620 /* KeyBoardVC.m */; };
		186D0F411EE792450038CAC5 /* CustomNavController.swift in Sources */ = {isa = PBXBuildFile; fileRef = 186D0F401EE792450038CAC5 /* CustomNavController.swift */; };
		187136C81F204B7700408C99 /* DeployableTableViewController.m in Sources */ = {isa = PBXBuildFile; fileRef = 187136C71F204B7700408C99 /* DeployableTableViewController.m */; };
		18A1ED401F4143DA00FAD25E /* LLDBLearn.m in Sources */ = {isa = PBXBuildFile; fileRef = 18A1ED3F1F4143DA00FAD25E /* LLDBLearn.m */; };
		18A1ED431F418C5B00FAD25E /* LLDBLearnObject.m in Sources */ = {isa = PBXBuildFile; fileRef = 18A1ED421F418C5B00FAD25E /* LLDBLearnObject.m */; };
		18A1ED461F418C7100FAD25E /* LLDBLearnObject+NewVar.m in Sources */ = {isa = PBXBuildFile; fileRef = 18A1ED451F418C7100FAD25E /* LLDBLearnObject+NewVar.m */; };
		18A95C661F428E2E0078954D /* SVCPractice.swift in Sources */ = {isa = PBXBuildFile; fileRef = 18A95C651F428E2E0078954D /* SVCPractice.swift */; };
		18A95C691F42DBDB0078954D /* ImageNode.m in Sources */ = {isa = PBXBuildFile; fileRef = 18A95C681F42DBDB0078954D /* ImageNode.m */; };
		18A95C6D1F42F7EB0078954D /* RxSwiftTable.swift in Sources */ = {isa = PBXBuildFile; fileRef = 18A95C6C1F42F7EB0078954D /* RxSwiftTable.swift */; };
		18ABFB1B1ED6B6A100B179FF /* Employee+CoreDataClass.swift in Sources */ = {isa = PBXBuildFile; fileRef = 18ABFB191ED6B6A100B179FF /* Employee+CoreDataClass.swift */; };
		18ABFB1C1ED6B6A100B179FF /* Employee+CoreDataProperties.swift in Sources */ = {isa = PBXBuildFile; fileRef = 18ABFB1A1ED6B6A100B179FF /* Employee+CoreDataProperties.swift */; };
		18ABFB1F1ED6B6D800B179FF /* Department+CoreDataClass.swift in Sources */ = {isa = PBXBuildFile; fileRef = 18ABFB1D1ED6B6D800B179FF /* Department+CoreDataClass.swift */; };
		18ABFB201ED6B6D800B179FF /* Department+CoreDataProperties.swift in Sources */ = {isa = PBXBuildFile; fileRef = 18ABFB1E1ED6B6D800B179FF /* Department+CoreDataProperties.swift */; };
		18B5D3C41F205299006725C1 /* teView.m in Sources */ = {isa = PBXBuildFile; fileRef = 18B5D3C31F205299006725C1 /* teView.m */; };
		18B850DE1F4A890F00D487B7 /* SizeNode.m in Sources */ = {isa = PBXBuildFile; fileRef = 18B850DD1F4A890F00D487B7 /* SizeNode.m */; };
		18B850EC1F4AC70B00D487B7 /* CellNodeModel.m in Sources */ = {isa = PBXBuildFile; fileRef = 18B850EB1F4AC70B00D487B7 /* CellNodeModel.m */; };
		18B850EF1F4AC90900D487B7 /* ListCellNodel.m in Sources */ = {isa = PBXBuildFile; fileRef = 18B850EE1F4AC90900D487B7 /* ListCellNodel.m */; };
		18B850F21F4ACADB00D487B7 /* TextStyles.m in Sources */ = {isa = PBXBuildFile; fileRef = 18B850F11F4ACADB00D487B7 /* TextStyles.m */; };
		18B850F51F4AD8B800D487B7 /* InnerSizeNode.m in Sources */ = {isa = PBXBuildFile; fileRef = 18B850F41F4AD8B800D487B7 /* InnerSizeNode.m */; };
		18D9A9941F20829E0015C741 /* testViewRan.m in Sources */ = {isa = PBXBuildFile; fileRef = 18D9A9931F20829E0015C741 /* testViewRan.m */; };
		18D9A9971F2085B40015C741 /* teView+UnitTest.m in Sources */ = {isa = PBXBuildFile; fileRef = 18D9A9961F2085B40015C741 /* teView+UnitTest.m */; };
		18D9A99A1F2088F80015C741 /* teModel.m in Sources */ = {isa = PBXBuildFile; fileRef = 18D9A9991F2088F80015C741 /* teModel.m */; };
		18D9A99D1F2089750015C741 /* teModel+UnitTest.m in Sources */ = {isa = PBXBuildFile; fileRef = 18D9A99C1F2089750015C741 /* teModel+UnitTest.m */; };
		18D9A99F1F2089A10015C741 /* testModelInsert.m in Sources */ = {isa = PBXBuildFile; fileRef = 18D9A99E1F2089A10015C741 /* testModelInsert.m */; };
		18DAAA511EC15DE200B5C6B5 /* parentTable.swift in Sources */ = {isa = PBXBuildFile; fileRef = 18DAAA501EC15DE200B5C6B5 /* parentTable.swift */; };
		18DD67451EB97E49000BD37E /* StepCountWidget.swift in Sources */ = {isa = PBXBuildFile; fileRef = 18DD67441EB97E49000BD37E /* StepCountWidget.swift */; };
		18DECAC11F03998400BF1D3D /* UIFont+swizzleFont.m in Sources */ = {isa = PBXBuildFile; fileRef = 18DECAC01F03998400BF1D3D /* UIFont+swizzleFont.m */; };
		18E874101ED6744800CAF89C /* Model.xcdatamodeld in Sources */ = {isa = PBXBuildFile; fileRef = 18E8740E1ED6744800CAF89C /* Model.xcdatamodeld */; };
		18E8741E1ED67C3200CAF89C /* BaseCoreData.swift in Sources */ = {isa = PBXBuildFile; fileRef = 18E8741D1ED67C3200CAF89C /* BaseCoreData.swift */; };
		18E88A591E7A8B57000DD208 /* baseModel.swift in Sources */ = {isa = PBXBuildFile; fileRef = 18E88A581E7A8B57000DD208 /* baseModel.swift */; };
		18E88A5B1E7A8DCD000DD208 /* testModel.swift in Sources */ = {isa = PBXBuildFile; fileRef = 18E88A5A1E7A8DCD000DD208 /* testModel.swift */; };
		18E98DFE1ED3D216007E92AE /* ImageReader.m in Sources */ = {isa = PBXBuildFile; fileRef = 18E98DFD1ED3D216007E92AE /* ImageReader.m */; };
		18F2FCF41EE641E600553D20 /* ImagePickWidgetSwift.swift in Sources */ = {isa = PBXBuildFile; fileRef = 18F2FCF31EE641E600553D20 /* ImagePickWidgetSwift.swift */; };
		18F2FCF91EE6424D00553D20 /* PhotoTool.swift in Sources */ = {isa = PBXBuildFile; fileRef = 18F2FCF81EE6424C00553D20 /* PhotoTool.swift */; };
		18F2FCFB1EE64F8800553D20 /* PhotoAlbumModel.swift in Sources */ = {isa = PBXBuildFile; fileRef = 18F2FCFA1EE64F8800553D20 /* PhotoAlbumModel.swift */; };
		18F2FCFD1EE681F500553D20 /* ImagePickView.swift in Sources */ = {isa = PBXBuildFile; fileRef = 18F2FCFC1EE681F500553D20 /* ImagePickView.swift */; };
		18F523651E9C7C8B00ACF0D4 /* GlobalTool.m in Sources */ = {isa = PBXBuildFile; fileRef = 18F523641E9C7C8B00ACF0D4 /* GlobalTool.m */; };
		18F9D3541F46F32D00648ED6 /* ImagePicker.framework in Frameworks */ = {isa = PBXBuildFile; fileRef = 18F9D34B1F46F1ED00648ED6 /* ImagePicker.framework */; };
		18F9E7BF1F593E72006A4F7F /* TextStyles+WhichFirst.m in Sources */ = {isa = PBXBuildFile; fileRef = 18F9E7BE1F593E72006A4F7F /* TextStyles+WhichFirst.m */; };
		52BC7F8B1BFB68A800642835 /* main.m in Sources */ = {isa = PBXBuildFile; fileRef = 52BC7F8A1BFB68A800642835 /* main.m */; };
		52BC7F8E1BFB68A800642835 /* AppDelegate.m in Sources */ = {isa = PBXBuildFile; fileRef = 52BC7F8D1BFB68A800642835 /* AppDelegate.m */; };
		52BC7F911BFB68A800642835 /* ViewController.m in Sources */ = {isa = PBXBuildFile; fileRef = 52BC7F901BFB68A800642835 /* ViewController.m */; };
		52BC7F941BFB68A800642835 /* Main.storyboard in Resources */ = {isa = PBXBuildFile; fileRef = 52BC7F921BFB68A800642835 /* Main.storyboard */; };
		52BC7F961BFB68A800642835 /* Assets.xcassets in Resources */ = {isa = PBXBuildFile; fileRef = 52BC7F951BFB68A800642835 /* Assets.xcassets */; };
		52BC7F991BFB68A800642835 /* LaunchScreen.storyboard in Resources */ = {isa = PBXBuildFile; fileRef = 52BC7F971BFB68A800642835 /* LaunchScreen.storyboard */; };
		52BC7FA41BFB68A800642835 /* JSCallOCTests.m in Sources */ = {isa = PBXBuildFile; fileRef = 52BC7FA31BFB68A800642835 /* JSCallOCTests.m */; };
		52BC7FAF1BFB68A800642835 /* JSCallOCUITests.m in Sources */ = {isa = PBXBuildFile; fileRef = 52BC7FAE1BFB68A800642835 /* JSCallOCUITests.m */; };
		52BC7FBE1BFB692900642835 /* JKWebView.m in Sources */ = {isa = PBXBuildFile; fileRef = 52BC7FBD1BFB692900642835 /* JKWebView.m */; };
		52BC7FC21BFB6A2F00642835 /* index.html in Resources */ = {isa = PBXBuildFile; fileRef = 52BC7FC01BFB6A2F00642835 /* index.html */; };
		52BC7FC31BFB6A2F00642835 /* index.js in Resources */ = {isa = PBXBuildFile; fileRef = 52BC7FC11BFB6A2F00642835 /* index.js */; };
		6059A0C81F1B7BEA001B1E68 /* CataTestView.m in Sources */ = {isa = PBXBuildFile; fileRef = 6059A0C71F1B7BEA001B1E68 /* CataTestView.m */; };
		6059A0CB1F1B7C80001B1E68 /* CataTestView+BridgeTest.m in Sources */ = {isa = PBXBuildFile; fileRef = 6059A0CA1F1B7C80001B1E68 /* CataTestView+BridgeTest.m */; };
		607E8BB91EF2C56C00DA8FA2 /* testAnimationVC.m in Sources */ = {isa = PBXBuildFile; fileRef = 607E8BB81EF2C56C00DA8FA2 /* testAnimationVC.m */; };
		607E8BBB1EF2C7A400DA8FA2 /* testAniView.swift in Sources */ = {isa = PBXBuildFile; fileRef = 607E8BBA1EF2C7A400DA8FA2 /* testAniView.swift */; };
		6BCACCD80287C8EAF0DAE653 /* Pods_JSCallOC.framework in Frameworks */ = {isa = PBXBuildFile; fileRef = 388137095DFAF6BC02CD65A8 /* Pods_JSCallOC.framework */; };
/* End PBXBuildFile section */

/* Begin PBXContainerItemProxy section */
		18F9D34A1F46F1ED00648ED6 /* PBXContainerItemProxy */ = {
			isa = PBXContainerItemProxy;
			containerPortal = 18F9D3451F46F1EC00648ED6 /* ImagePicker.xcodeproj */;
			proxyType = 2;
			remoteGlobalIDString = 18F9D32B1F46F1EB00648ED6;
			remoteInfo = ImagePicker;
		};
		18F9D34C1F46F1ED00648ED6 /* PBXContainerItemProxy */ = {
			isa = PBXContainerItemProxy;
			containerPortal = 18F9D3451F46F1EC00648ED6 /* ImagePicker.xcodeproj */;
			proxyType = 2;
			remoteGlobalIDString = 18F9D3341F46F1EB00648ED6;
			remoteInfo = ImagePickerTests;
		};
		18F9D3521F46F31000648ED6 /* PBXContainerItemProxy */ = {
			isa = PBXContainerItemProxy;
			containerPortal = 18F9D3451F46F1EC00648ED6 /* ImagePicker.xcodeproj */;
			proxyType = 1;
			remoteGlobalIDString = 18F9D32A1F46F1EB00648ED6;
			remoteInfo = ImagePicker;
		};
		52BC7FA01BFB68A800642835 /* PBXContainerItemProxy */ = {
			isa = PBXContainerItemProxy;
			containerPortal = 52BC7F7E1BFB68A800642835 /* Project object */;
			proxyType = 1;
			remoteGlobalIDString = 52BC7F851BFB68A800642835;
			remoteInfo = JSCallOC;
		};
		52BC7FAB1BFB68A800642835 /* PBXContainerItemProxy */ = {
			isa = PBXContainerItemProxy;
			containerPortal = 52BC7F7E1BFB68A800642835 /* Project object */;
			proxyType = 1;
			remoteGlobalIDString = 52BC7F851BFB68A800642835;
			remoteInfo = JSCallOC;
		};
/* End PBXContainerItemProxy section */

/* Begin PBXFileReference section */
		1800C8581F2ACDA900E3E8B9 /* BitMapVC.h */ = {isa = PBXFileReference; fileEncoding = 4; lastKnownFileType = sourcecode.c.h; path = BitMapVC.h; sourceTree = "<group>"; };
		1800C8591F2ACDA900E3E8B9 /* BitMapVC.m */ = {isa = PBXFileReference; fileEncoding = 4; lastKnownFileType = sourcecode.c.objc; path = BitMapVC.m; sourceTree = "<group>"; };
		1800C85B1F2ACE1A00E3E8B9 /* BitMapView.h */ = {isa = PBXFileReference; fileEncoding = 4; lastKnownFileType = sourcecode.c.h; path = BitMapView.h; sourceTree = "<group>"; };
		1800C85C1F2ACE1A00E3E8B9 /* BitMapView.m */ = {isa = PBXFileReference; fileEncoding = 4; lastKnownFileType = sourcecode.c.objc; path = BitMapView.m; sourceTree = "<group>"; };
		180279211ED95E1B009BBA97 /* UIViewController+Tracking.h */ = {isa = PBXFileReference; fileEncoding = 4; lastKnownFileType = sourcecode.c.h; path = "UIViewController+Tracking.h"; sourceTree = "<group>"; };
		180279221ED95E1B009BBA97 /* UIViewController+Tracking.m */ = {isa = PBXFileReference; fileEncoding = 4; lastKnownFileType = sourcecode.c.objc; path = "UIViewController+Tracking.m"; sourceTree = "<group>"; };
		18087AD01EFD03EA009CEF47 /* MD5Encryption.h */ = {isa = PBXFileReference; fileEncoding = 4; lastKnownFileType = sourcecode.c.h; path = MD5Encryption.h; sourceTree = "<group>"; };
		18087AD11EFD03EA009CEF47 /* MD5Encryption.m */ = {isa = PBXFileReference; fileEncoding = 4; lastKnownFileType = sourcecode.c.objc; path = MD5Encryption.m; sourceTree = "<group>"; };
		180EE1621ED7C57700381806 /* Model 2.xcdatamodel */ = {isa = PBXFileReference; lastKnownFileType = wrapper.xcdatamodel; path = "Model 2.xcdatamodel"; sourceTree = "<group>"; };
		180EE1671ED7D1C500381806 /* animationInSwift.swift */ = {isa = PBXFileReference; fileEncoding = 4; lastKnownFileType = sourcecode.swift; path = animationInSwift.swift; sourceTree = "<group>"; };
		1812C6351F4D212F00F34380 /* BDDiffVC.h */ = {isa = PBXFileReference; fileEncoding = 4; lastKnownFileType = sourcecode.c.h; path = BDDiffVC.h; sourceTree = "<group>"; };
		1812C6361F4D212F00F34380 /* BDDiffVC.m */ = {isa = PBXFileReference; fileEncoding = 4; lastKnownFileType = sourcecode.c.objc; path = BDDiffVC.m; sourceTree = "<group>"; };
		1812C6381F4D221300F34380 /* BDDiffView.h */ = {isa = PBXFileReference; fileEncoding = 4; lastKnownFileType = sourcecode.c.h; path = BDDiffView.h; sourceTree = "<group>"; };
		1812C6391F4D221300F34380 /* BDDiffView.m */ = {isa = PBXFileReference; fileEncoding = 4; lastKnownFileType = sourcecode.c.objc; path = BDDiffView.m; sourceTree = "<group>"; };
		18197F681F71208900CDF2E5 /* PointPathManage.swift */ = {isa = PBXFileReference; fileEncoding = 4; lastKnownFileType = sourcecode.swift; path = PointPathManage.swift; sourceTree = "<group>"; };
		181A19A21F3EDF08007FC8C4 /* TextureVC.h */ = {isa = PBXFileReference; fileEncoding = 4; lastKnownFileType = sourcecode.c.h; path = TextureVC.h; sourceTree = "<group>"; };
		181A19A31F3EDF08007FC8C4 /* TextureVC.m */ = {isa = PBXFileReference; fileEncoding = 4; lastKnownFileType = sourcecode.c.objc; path = TextureVC.m; sourceTree = "<group>"; };
		181A19A51F3F3BB5007FC8C4 /* LayoutLearnNode.h */ = {isa = PBXFileReference; fileEncoding = 4; lastKnownFileType = sourcecode.c.h; path = LayoutLearnNode.h; sourceTree = "<group>"; };
		181A19A61F3F3BB5007FC8C4 /* LayoutLearnNode.m */ = {isa = PBXFileReference; fileEncoding = 4; lastKnownFileType = sourcecode.c.objc; path = LayoutLearnNode.m; sourceTree = "<group>"; };
		1822FD691F68D9EB0031C819 /* SwiftLab.swift */ = {isa = PBXFileReference; fileEncoding = 4; lastKnownFileType = sourcecode.swift; path = SwiftLab.swift; sourceTree = "<group>"; };
		182B63D51EC00EEF00E2DADA /* UIViewController+testSubFunc.h */ = {isa = PBXFileReference; fileEncoding = 4; lastKnownFileType = sourcecode.c.h; path = "UIViewController+testSubFunc.h"; sourceTree = "<group>"; };
		182B63D61EC00EEF00E2DADA /* UIViewController+testSubFunc.m */ = {isa = PBXFileReference; fileEncoding = 4; lastKnownFileType = sourcecode.c.objc; path = "UIViewController+testSubFunc.m"; sourceTree = "<group>"; };
		182D205E1F4FBAE00057DC34 /* AsyncSafeVC.h */ = {isa = PBXFileReference; fileEncoding = 4; lastKnownFileType = sourcecode.c.h; path = AsyncSafeVC.h; sourceTree = "<group>"; };
		182D205F1F4FBAE00057DC34 /* AsyncSafeVC.m */ = {isa = PBXFileReference; fileEncoding = 4; lastKnownFileType = sourcecode.c.objc; path = AsyncSafeVC.m; sourceTree = "<group>"; };
		182D20611F4FBBBD0057DC34 /* AsyncSafeOCManage.h */ = {isa = PBXFileReference; fileEncoding = 4; lastKnownFileType = sourcecode.c.h; path = AsyncSafeOCManage.h; sourceTree = "<group>"; };
		182D20621F4FBBBD0057DC34 /* AsyncSafeOCManage.m */ = {isa = PBXFileReference; fileEncoding = 4; lastKnownFileType = sourcecode.c.objc; path = AsyncSafeOCManage.m; sourceTree = "<group>"; };
		182D20641F4FBBFD0057DC34 /* AsyncSafeSwiftyManage.swift */ = {isa = PBXFileReference; fileEncoding = 4; lastKnownFileType = sourcecode.swift; path = AsyncSafeSwiftyManage.swift; sourceTree = "<group>"; };
		1836C6E11F4684B300D478AC /* BlueTooth.swift */ = {isa = PBXFileReference; fileEncoding = 4; lastKnownFileType = sourcecode.swift; path = BlueTooth.swift; sourceTree = "<group>"; };
		184955AF1EE00D6A00AE7634 /* HelloOperation.h */ = {isa = PBXFileReference; fileEncoding = 4; lastKnownFileType = sourcecode.c.h; path = HelloOperation.h; sourceTree = "<group>"; };
		184955B01EE00D6A00AE7634 /* HelloOperation.m */ = {isa = PBXFileReference; fileEncoding = 4; lastKnownFileType = sourcecode.c.objc; path = HelloOperation.m; sourceTree = "<group>"; };
		185B8D041F39613D00B1C9C5 /* ResizeImageVC.h */ = {isa = PBXFileReference; fileEncoding = 4; lastKnownFileType = sourcecode.c.h; path = ResizeImageVC.h; sourceTree = "<group>"; };
		185B8D051F39613D00B1C9C5 /* ResizeImageVC.m */ = {isa = PBXFileReference; fileEncoding = 4; lastKnownFileType = sourcecode.c.objc; path = ResizeImageVC.m; sourceTree = "<group>"; };
		185E247C1EB041AD006B5ABD /* globalDefine.swift */ = {isa = PBXFileReference; fileEncoding = 4; lastKnownFileType = sourcecode.swift; path = globalDefine.swift; sourceTree = "<group>"; };
		185E247E1EB077F4006B5ABD /* closureTestView.swift */ = {isa = PBXFileReference; fileEncoding = 4; lastKnownFileType = sourcecode.swift; path = closureTestView.swift; sourceTree = "<group>"; };
		185F85901E83CD530051B761 /* testChild.h */ = {isa = PBXFileReference; fileEncoding = 4; lastKnownFileType = sourcecode.c.h; path = testChild.h; sourceTree = "<group>"; };
		185F85911E83CD530051B761 /* testChild.m */ = {isa = PBXFileReference; fileEncoding = 4; lastKnownFileType = sourcecode.c.objc; path = testChild.m; sourceTree = "<group>"; };
		1861607B1F36B0FC00A877CE /* JSCallOC-Prefix.pch */ = {isa = PBXFileReference; lastKnownFileType = sourcecode.c.h; path = "JSCallOC-Prefix.pch"; sourceTree = "<group>"; };
		1861607D1F36BAD200A877CE /* SwiftyDiffVC.swift */ = {isa = PBXFileReference; fileEncoding = 4; lastKnownFileType = sourcecode.swift; path = SwiftyDiffVC.swift; sourceTree = "<group>"; };
		186160801F36BD6200A877CE /* NSObject+Utility.h */ = {isa = PBXFileReference; fileEncoding = 4; lastKnownFileType = sourcecode.c.h; path = "NSObject+Utility.h"; sourceTree = "<group>"; };
		186160811F36BD6200A877CE /* NSObject+Utility.m */ = {isa = PBXFileReference; fileEncoding = 4; lastKnownFileType = sourcecode.c.objc; path = "NSObject+Utility.m"; sourceTree = "<group>"; };
		1861A1521F23228E00055620 /* SwiftyImportView.swift */ = {isa = PBXFileReference; fileEncoding = 4; lastKnownFileType = sourcecode.swift; path = SwiftyImportView.swift; sourceTree = "<group>"; };
		1861A1541F23231700055620 /* KeyBoardVC.h */ = {isa = PBXFileReference; fileEncoding = 4; lastKnownFileType = sourcecode.c.h; path = KeyBoardVC.h; sourceTree = "<group>"; };
		1861A1551F23231700055620 /* KeyBoardVC.m */ = {isa = PBXFileReference; fileEncoding = 4; lastKnownFileType = sourcecode.c.objc; path = KeyBoardVC.m; sourceTree = "<group>"; };
		186D0F401EE792450038CAC5 /* CustomNavController.swift */ = {isa = PBXFileReference; fileEncoding = 4; lastKnownFileType = sourcecode.swift; path = CustomNavController.swift; sourceTree = "<group>"; };
		187136C61F204B7700408C99 /* DeployableTableViewController.h */ = {isa = PBXFileReference; fileEncoding = 4; lastKnownFileType = sourcecode.c.h; path = DeployableTableViewController.h; sourceTree = "<group>"; };
		187136C71F204B7700408C99 /* DeployableTableViewController.m */ = {isa = PBXFileReference; fileEncoding = 4; lastKnownFileType = sourcecode.c.objc; path = DeployableTableViewController.m; sourceTree = "<group>"; };
		18A1ED3E1F4143DA00FAD25E /* LLDBLearn.h */ = {isa = PBXFileReference; fileEncoding = 4; lastKnownFileType = sourcecode.c.h; path = LLDBLearn.h; sourceTree = "<group>"; };
		18A1ED3F1F4143DA00FAD25E /* LLDBLearn.m */ = {isa = PBXFileReference; fileEncoding = 4; lastKnownFileType = sourcecode.c.objc; path = LLDBLearn.m; sourceTree = "<group>"; };
		18A1ED411F418C5B00FAD25E /* LLDBLearnObject.h */ = {isa = PBXFileReference; fileEncoding = 4; lastKnownFileType = sourcecode.c.h; path = LLDBLearnObject.h; sourceTree = "<group>"; };
		18A1ED421F418C5B00FAD25E /* LLDBLearnObject.m */ = {isa = PBXFileReference; fileEncoding = 4; lastKnownFileType = sourcecode.c.objc; path = LLDBLearnObject.m; sourceTree = "<group>"; };
		18A1ED441F418C7100FAD25E /* LLDBLearnObject+NewVar.h */ = {isa = PBXFileReference; fileEncoding = 4; lastKnownFileType = sourcecode.c.h; path = "LLDBLearnObject+NewVar.h"; sourceTree = "<group>"; };
		18A1ED451F418C7100FAD25E /* LLDBLearnObject+NewVar.m */ = {isa = PBXFileReference; fileEncoding = 4; lastKnownFileType = sourcecode.c.objc; path = "LLDBLearnObject+NewVar.m"; sourceTree = "<group>"; };
		18A95C651F428E2E0078954D /* SVCPractice.swift */ = {isa = PBXFileReference; fileEncoding = 4; lastKnownFileType = sourcecode.swift; path = SVCPractice.swift; sourceTree = "<group>"; };
		18A95C671F42DBDB0078954D /* ImageNode.h */ = {isa = PBXFileReference; fileEncoding = 4; lastKnownFileType = sourcecode.c.h; path = ImageNode.h; sourceTree = "<group>"; };
		18A95C681F42DBDB0078954D /* ImageNode.m */ = {isa = PBXFileReference; fileEncoding = 4; lastKnownFileType = sourcecode.c.objc; path = ImageNode.m; sourceTree = "<group>"; };
		18A95C6C1F42F7EB0078954D /* RxSwiftTable.swift */ = {isa = PBXFileReference; fileEncoding = 4; lastKnownFileType = sourcecode.swift; path = RxSwiftTable.swift; sourceTree = "<group>"; };
		18ABFB191ED6B6A100B179FF /* Employee+CoreDataClass.swift */ = {isa = PBXFileReference; fileEncoding = 4; lastKnownFileType = sourcecode.swift; name = "Employee+CoreDataClass.swift"; path = "../Employee+CoreDataClass.swift"; sourceTree = "<group>"; };
		18ABFB1A1ED6B6A100B179FF /* Employee+CoreDataProperties.swift */ = {isa = PBXFileReference; fileEncoding = 4; lastKnownFileType = sourcecode.swift; name = "Employee+CoreDataProperties.swift"; path = "../Employee+CoreDataProperties.swift"; sourceTree = "<group>"; };
		18ABFB1D1ED6B6D800B179FF /* Department+CoreDataClass.swift */ = {isa = PBXFileReference; fileEncoding = 4; lastKnownFileType = sourcecode.swift; name = "Department+CoreDataClass.swift"; path = "../Department+CoreDataClass.swift"; sourceTree = "<group>"; };
		18ABFB1E1ED6B6D800B179FF /* Department+CoreDataProperties.swift */ = {isa = PBXFileReference; fileEncoding = 4; lastKnownFileType = sourcecode.swift; name = "Department+CoreDataProperties.swift"; path = "../Department+CoreDataProperties.swift"; sourceTree = "<group>"; };
		18B5D3C21F205299006725C1 /* teView.h */ = {isa = PBXFileReference; fileEncoding = 4; lastKnownFileType = sourcecode.c.h; path = teView.h; sourceTree = "<group>"; };
		18B5D3C31F205299006725C1 /* teView.m */ = {isa = PBXFileReference; fileEncoding = 4; lastKnownFileType = sourcecode.c.objc; path = teView.m; sourceTree = "<group>"; };
		18B850DC1F4A890F00D487B7 /* SizeNode.h */ = {isa = PBXFileReference; fileEncoding = 4; lastKnownFileType = sourcecode.c.h; path = SizeNode.h; sourceTree = "<group>"; };
		18B850DD1F4A890F00D487B7 /* SizeNode.m */ = {isa = PBXFileReference; fileEncoding = 4; lastKnownFileType = sourcecode.c.objc; path = SizeNode.m; sourceTree = "<group>"; };
		18B850EA1F4AC70B00D487B7 /* CellNodeModel.h */ = {isa = PBXFileReference; fileEncoding = 4; lastKnownFileType = sourcecode.c.h; path = CellNodeModel.h; sourceTree = "<group>"; };
		18B850EB1F4AC70B00D487B7 /* CellNodeModel.m */ = {isa = PBXFileReference; fileEncoding = 4; lastKnownFileType = sourcecode.c.objc; path = CellNodeModel.m; sourceTree = "<group>"; };
		18B850ED1F4AC90900D487B7 /* ListCellNodel.h */ = {isa = PBXFileReference; fileEncoding = 4; lastKnownFileType = sourcecode.c.h; path = ListCellNodel.h; sourceTree = "<group>"; };
		18B850EE1F4AC90900D487B7 /* ListCellNodel.m */ = {isa = PBXFileReference; fileEncoding = 4; lastKnownFileType = sourcecode.c.objc; path = ListCellNodel.m; sourceTree = "<group>"; };
		18B850F01F4ACADB00D487B7 /* TextStyles.h */ = {isa = PBXFileReference; fileEncoding = 4; lastKnownFileType = sourcecode.c.h; path = TextStyles.h; sourceTree = "<group>"; };
		18B850F11F4ACADB00D487B7 /* TextStyles.m */ = {isa = PBXFileReference; fileEncoding = 4; lastKnownFileType = sourcecode.c.objc; path = TextStyles.m; sourceTree = "<group>"; };
		18B850F31F4AD8B800D487B7 /* InnerSizeNode.h */ = {isa = PBXFileReference; fileEncoding = 4; lastKnownFileType = sourcecode.c.h; path = InnerSizeNode.h; sourceTree = "<group>"; };
		18B850F41F4AD8B800D487B7 /* InnerSizeNode.m */ = {isa = PBXFileReference; fileEncoding = 4; lastKnownFileType = sourcecode.c.objc; path = InnerSizeNode.m; sourceTree = "<group>"; };
		18D9A9931F20829E0015C741 /* testViewRan.m */ = {isa = PBXFileReference; fileEncoding = 4; lastKnownFileType = sourcecode.c.objc; path = testViewRan.m; sourceTree = "<group>"; };
		18D9A9951F2085B40015C741 /* teView+UnitTest.h */ = {isa = PBXFileReference; fileEncoding = 4; lastKnownFileType = sourcecode.c.h; path = "teView+UnitTest.h"; sourceTree = "<group>"; };
		18D9A9961F2085B40015C741 /* teView+UnitTest.m */ = {isa = PBXFileReference; fileEncoding = 4; lastKnownFileType = sourcecode.c.objc; path = "teView+UnitTest.m"; sourceTree = "<group>"; };
		18D9A9981F2088F80015C741 /* teModel.h */ = {isa = PBXFileReference; fileEncoding = 4; lastKnownFileType = sourcecode.c.h; path = teModel.h; sourceTree = "<group>"; };
		18D9A9991F2088F80015C741 /* teModel.m */ = {isa = PBXFileReference; fileEncoding = 4; lastKnownFileType = sourcecode.c.objc; path = teModel.m; sourceTree = "<group>"; };
		18D9A99B1F2089750015C741 /* teModel+UnitTest.h */ = {isa = PBXFileReference; fileEncoding = 4; lastKnownFileType = sourcecode.c.h; path = "teModel+UnitTest.h"; sourceTree = "<group>"; };
		18D9A99C1F2089750015C741 /* teModel+UnitTest.m */ = {isa = PBXFileReference; fileEncoding = 4; lastKnownFileType = sourcecode.c.objc; path = "teModel+UnitTest.m"; sourceTree = "<group>"; };
		18D9A99E1F2089A10015C741 /* testModelInsert.m */ = {isa = PBXFileReference; fileEncoding = 4; lastKnownFileType = sourcecode.c.objc; path = testModelInsert.m; sourceTree = "<group>"; };
		18DAAA501EC15DE200B5C6B5 /* parentTable.swift */ = {isa = PBXFileReference; fileEncoding = 4; lastKnownFileType = sourcecode.swift; path = parentTable.swift; sourceTree = "<group>"; };
		18DD67441EB97E49000BD37E /* StepCountWidget.swift */ = {isa = PBXFileReference; fileEncoding = 4; lastKnownFileType = sourcecode.swift; path = StepCountWidget.swift; sourceTree = "<group>"; };
		18DECABF1F03998400BF1D3D /* UIFont+swizzleFont.h */ = {isa = PBXFileReference; fileEncoding = 4; lastKnownFileType = sourcecode.c.h; path = "UIFont+swizzleFont.h"; sourceTree = "<group>"; };
		18DECAC01F03998400BF1D3D /* UIFont+swizzleFont.m */ = {isa = PBXFileReference; fileEncoding = 4; lastKnownFileType = sourcecode.c.objc; path = "UIFont+swizzleFont.m"; sourceTree = "<group>"; };
		18E8740F1ED6744800CAF89C /* Model.xcdatamodel */ = {isa = PBXFileReference; lastKnownFileType = wrapper.xcdatamodel; path = Model.xcdatamodel; sourceTree = "<group>"; };
		18E8741D1ED67C3200CAF89C /* BaseCoreData.swift */ = {isa = PBXFileReference; fileEncoding = 4; lastKnownFileType = sourcecode.swift; path = BaseCoreData.swift; sourceTree = "<group>"; };
		18E88A571E7A8B57000DD208 /* JSCallOC-Bridging-Header.h */ = {isa = PBXFileReference; lastKnownFileType = sourcecode.c.h; path = "JSCallOC-Bridging-Header.h"; sourceTree = "<group>"; };
		18E88A581E7A8B57000DD208 /* baseModel.swift */ = {isa = PBXFileReference; fileEncoding = 4; lastKnownFileType = sourcecode.swift; path = baseModel.swift; sourceTree = "<group>"; };
		18E88A5A1E7A8DCD000DD208 /* testModel.swift */ = {isa = PBXFileReference; fileEncoding = 4; lastKnownFileType = sourcecode.swift; path = testModel.swift; sourceTree = "<group>"; };
		18E98DFC1ED3D216007E92AE /* ImageReader.h */ = {isa = PBXFileReference; fileEncoding = 4; lastKnownFileType = sourcecode.c.h; path = ImageReader.h; sourceTree = "<group>"; };
		18E98DFD1ED3D216007E92AE /* ImageReader.m */ = {isa = PBXFileReference; fileEncoding = 4; lastKnownFileType = sourcecode.c.objc; path = ImageReader.m; sourceTree = "<group>"; };
		18F2FCF31EE641E600553D20 /* ImagePickWidgetSwift.swift */ = {isa = PBXFileReference; fileEncoding = 4; lastKnownFileType = sourcecode.swift; path = ImagePickWidgetSwift.swift; sourceTree = "<group>"; };
		18F2FCF81EE6424C00553D20 /* PhotoTool.swift */ = {isa = PBXFileReference; fileEncoding = 4; lastKnownFileType = sourcecode.swift; path = PhotoTool.swift; sourceTree = "<group>"; };
		18F2FCFA1EE64F8800553D20 /* PhotoAlbumModel.swift */ = {isa = PBXFileReference; fileEncoding = 4; lastKnownFileType = sourcecode.swift; path = PhotoAlbumModel.swift; sourceTree = "<group>"; };
		18F2FCFC1EE681F500553D20 /* ImagePickView.swift */ = {isa = PBXFileReference; fileEncoding = 4; lastKnownFileType = sourcecode.swift; path = ImagePickView.swift; sourceTree = "<group>"; };
		18F523631E9C7C8B00ACF0D4 /* GlobalTool.h */ = {isa = PBXFileReference; fileEncoding = 4; lastKnownFileType = sourcecode.c.h; path = GlobalTool.h; sourceTree = "<group>"; };
		18F523641E9C7C8B00ACF0D4 /* GlobalTool.m */ = {isa = PBXFileReference; fileEncoding = 4; lastKnownFileType = sourcecode.c.objc; path = GlobalTool.m; sourceTree = "<group>"; };
		18F9D3451F46F1EC00648ED6 /* ImagePicker.xcodeproj */ = {isa = PBXFileReference; lastKnownFileType = "wrapper.pb-project"; name = ImagePicker.xcodeproj; path = ImagePicker/ImagePicker.xcodeproj; sourceTree = "<group>"; };
		18F9E7BD1F593E72006A4F7F /* TextStyles+WhichFirst.h */ = {isa = PBXFileReference; fileEncoding = 4; lastKnownFileType = sourcecode.c.h; path = "TextStyles+WhichFirst.h"; sourceTree = "<group>"; };
		18F9E7BE1F593E72006A4F7F /* TextStyles+WhichFirst.m */ = {isa = PBXFileReference; fileEncoding = 4; lastKnownFileType = sourcecode.c.objc; path = "TextStyles+WhichFirst.m"; sourceTree = "<group>"; };
		388137095DFAF6BC02CD65A8 /* Pods_JSCallOC.framework */ = {isa = PBXFileReference; explicitFileType = wrapper.framework; includeInIndex = 0; path = Pods_JSCallOC.framework; sourceTree = BUILT_PRODUCTS_DIR; };
		42652FE601722F97D4A24DAC /* Pods-JSCallOC.release.xcconfig */ = {isa = PBXFileReference; includeInIndex = 1; lastKnownFileType = text.xcconfig; name = "Pods-JSCallOC.release.xcconfig"; path = "Pods/Target Support Files/Pods-JSCallOC/Pods-JSCallOC.release.xcconfig"; sourceTree = "<group>"; };
		4932F40DA1444B9B1CA37035 /* Pods-JSCallOC.debug.xcconfig */ = {isa = PBXFileReference; includeInIndex = 1; lastKnownFileType = text.xcconfig; name = "Pods-JSCallOC.debug.xcconfig"; path = "Pods/Target Support Files/Pods-JSCallOC/Pods-JSCallOC.debug.xcconfig"; sourceTree = "<group>"; };
		52BC7F861BFB68A800642835 /* JSCallOC.app */ = {isa = PBXFileReference; explicitFileType = wrapper.application; includeInIndex = 0; path = JSCallOC.app; sourceTree = BUILT_PRODUCTS_DIR; };
		52BC7F8A1BFB68A800642835 /* main.m */ = {isa = PBXFileReference; lastKnownFileType = sourcecode.c.objc; path = main.m; sourceTree = "<group>"; };
		52BC7F8C1BFB68A800642835 /* AppDelegate.h */ = {isa = PBXFileReference; lastKnownFileType = sourcecode.c.h; path = AppDelegate.h; sourceTree = "<group>"; };
		52BC7F8D1BFB68A800642835 /* AppDelegate.m */ = {isa = PBXFileReference; lastKnownFileType = sourcecode.c.objc; path = AppDelegate.m; sourceTree = "<group>"; };
		52BC7F8F1BFB68A800642835 /* ViewController.h */ = {isa = PBXFileReference; lastKnownFileType = sourcecode.c.h; path = ViewController.h; sourceTree = "<group>"; };
		52BC7F901BFB68A800642835 /* ViewController.m */ = {isa = PBXFileReference; lastKnownFileType = sourcecode.c.objc; path = ViewController.m; sourceTree = "<group>"; };
		52BC7F931BFB68A800642835 /* Base */ = {isa = PBXFileReference; lastKnownFileType = file.storyboard; name = Base; path = Base.lproj/Main.storyboard; sourceTree = "<group>"; };
		52BC7F951BFB68A800642835 /* Assets.xcassets */ = {isa = PBXFileReference; lastKnownFileType = folder.assetcatalog; path = Assets.xcassets; sourceTree = "<group>"; };
		52BC7F981BFB68A800642835 /* Base */ = {isa = PBXFileReference; lastKnownFileType = file.storyboard; name = Base; path = Base.lproj/LaunchScreen.storyboard; sourceTree = "<group>"; };
		52BC7F9A1BFB68A800642835 /* Info.plist */ = {isa = PBXFileReference; lastKnownFileType = text.plist.xml; path = Info.plist; sourceTree = "<group>"; };
		52BC7F9F1BFB68A800642835 /* JSCallOCTests.xctest */ = {isa = PBXFileReference; explicitFileType = wrapper.cfbundle; includeInIndex = 0; path = JSCallOCTests.xctest; sourceTree = BUILT_PRODUCTS_DIR; };
		52BC7FA31BFB68A800642835 /* JSCallOCTests.m */ = {isa = PBXFileReference; lastKnownFileType = sourcecode.c.objc; path = JSCallOCTests.m; sourceTree = "<group>"; };
		52BC7FA51BFB68A800642835 /* Info.plist */ = {isa = PBXFileReference; lastKnownFileType = text.plist.xml; path = Info.plist; sourceTree = "<group>"; };
		52BC7FAA1BFB68A800642835 /* JSCallOCUITests.xctest */ = {isa = PBXFileReference; explicitFileType = wrapper.cfbundle; includeInIndex = 0; path = JSCallOCUITests.xctest; sourceTree = BUILT_PRODUCTS_DIR; };
		52BC7FAE1BFB68A800642835 /* JSCallOCUITests.m */ = {isa = PBXFileReference; lastKnownFileType = sourcecode.c.objc; path = JSCallOCUITests.m; sourceTree = "<group>"; };
		52BC7FB01BFB68A800642835 /* Info.plist */ = {isa = PBXFileReference; lastKnownFileType = text.plist.xml; path = Info.plist; sourceTree = "<group>"; };
		52BC7FBC1BFB692900642835 /* JKWebView.h */ = {isa = PBXFileReference; fileEncoding = 4; lastKnownFileType = sourcecode.c.h; path = JKWebView.h; sourceTree = "<group>"; };
		52BC7FBD1BFB692900642835 /* JKWebView.m */ = {isa = PBXFileReference; fileEncoding = 4; lastKnownFileType = sourcecode.c.objc; path = JKWebView.m; sourceTree = "<group>"; };
		52BC7FC01BFB6A2F00642835 /* index.html */ = {isa = PBXFileReference; fileEncoding = 4; lastKnownFileType = text.html; path = index.html; sourceTree = "<group>"; };
		52BC7FC11BFB6A2F00642835 /* index.js */ = {isa = PBXFileReference; fileEncoding = 4; lastKnownFileType = sourcecode.javascript; path = index.js; sourceTree = "<group>"; };
		6059A0C61F1B7BEA001B1E68 /* CataTestView.h */ = {isa = PBXFileReference; fileEncoding = 4; lastKnownFileType = sourcecode.c.h; path = CataTestView.h; sourceTree = "<group>"; };
		6059A0C71F1B7BEA001B1E68 /* CataTestView.m */ = {isa = PBXFileReference; fileEncoding = 4; lastKnownFileType = sourcecode.c.objc; path = CataTestView.m; sourceTree = "<group>"; };
		6059A0C91F1B7C80001B1E68 /* CataTestView+BridgeTest.h */ = {isa = PBXFileReference; fileEncoding = 4; lastKnownFileType = sourcecode.c.h; path = "CataTestView+BridgeTest.h"; sourceTree = "<group>"; };
		6059A0CA1F1B7C80001B1E68 /* CataTestView+BridgeTest.m */ = {isa = PBXFileReference; fileEncoding = 4; lastKnownFileType = sourcecode.c.objc; path = "CataTestView+BridgeTest.m"; sourceTree = "<group>"; };
		607E8BB71EF2C56C00DA8FA2 /* testAnimationVC.h */ = {isa = PBXFileReference; fileEncoding = 4; lastKnownFileType = sourcecode.c.h; path = testAnimationVC.h; sourceTree = "<group>"; };
		607E8BB81EF2C56C00DA8FA2 /* testAnimationVC.m */ = {isa = PBXFileReference; fileEncoding = 4; lastKnownFileType = sourcecode.c.objc; path = testAnimationVC.m; sourceTree = "<group>"; };
		607E8BBA1EF2C7A400DA8FA2 /* testAniView.swift */ = {isa = PBXFileReference; fileEncoding = 4; lastKnownFileType = sourcecode.swift; path = testAniView.swift; sourceTree = "<group>"; };
/* End PBXFileReference section */

/* Begin PBXFrameworksBuildPhase section */
		52BC7F831BFB68A800642835 /* Frameworks */ = {
			isa = PBXFrameworksBuildPhase;
			buildActionMask = 2147483647;
			files = (
				18F9D3541F46F32D00648ED6 /* ImagePicker.framework in Frameworks */,
				6BCACCD80287C8EAF0DAE653 /* Pods_JSCallOC.framework in Frameworks */,
			);
			runOnlyForDeploymentPostprocessing = 0;
		};
		52BC7F9C1BFB68A800642835 /* Frameworks */ = {
			isa = PBXFrameworksBuildPhase;
			buildActionMask = 2147483647;
			files = (
			);
			runOnlyForDeploymentPostprocessing = 0;
		};
		52BC7FA71BFB68A800642835 /* Frameworks */ = {
			isa = PBXFrameworksBuildPhase;
			buildActionMask = 2147483647;
			files = (
			);
			runOnlyForDeploymentPostprocessing = 0;
		};
/* End PBXFrameworksBuildPhase section */

/* Begin PBXGroup section */
		1800C8571F2ACD7F00E3E8B9 /* BitMap */ = {
			isa = PBXGroup;
			children = (
				1800C8581F2ACDA900E3E8B9 /* BitMapVC.h */,
				1800C8591F2ACDA900E3E8B9 /* BitMapVC.m */,
				1800C85B1F2ACE1A00E3E8B9 /* BitMapView.h */,
				1800C85C1F2ACE1A00E3E8B9 /* BitMapView.m */,
			);
			name = BitMap;
			sourceTree = "<group>";
		};
		180EE1661ED7D19C00381806 /* IdeaValidating */ = {
			isa = PBXGroup;
			children = (
				18E88A5A1E7A8DCD000DD208 /* testModel.swift */,
				18E88A581E7A8B57000DD208 /* baseModel.swift */,
				185E247E1EB077F4006B5ABD /* closureTestView.swift */,
				18DD67441EB97E49000BD37E /* StepCountWidget.swift */,
				18E8741D1ED67C3200CAF89C /* BaseCoreData.swift */,
				185F85901E83CD530051B761 /* testChild.h */,
				185F85911E83CD530051B761 /* testChild.m */,
				18E98DFC1ED3D216007E92AE /* ImageReader.h */,
				18E98DFD1ED3D216007E92AE /* ImageReader.m */,
				18087AD01EFD03EA009CEF47 /* MD5Encryption.h */,
				18087AD11EFD03EA009CEF47 /* MD5Encryption.m */,
				180EE1671ED7D1C500381806 /* animationInSwift.swift */,
				607E8BB71EF2C56C00DA8FA2 /* testAnimationVC.h */,
				607E8BB81EF2C56C00DA8FA2 /* testAnimationVC.m */,
				607E8BBA1EF2C7A400DA8FA2 /* testAniView.swift */,
				6059A0C61F1B7BEA001B1E68 /* CataTestView.h */,
				6059A0C71F1B7BEA001B1E68 /* CataTestView.m */,
				6059A0C91F1B7C80001B1E68 /* CataTestView+BridgeTest.h */,
				6059A0CA1F1B7C80001B1E68 /* CataTestView+BridgeTest.m */,
				18D9A9981F2088F80015C741 /* teModel.h */,
				18D9A9991F2088F80015C741 /* teModel.m */,
				18B5D3C21F205299006725C1 /* teView.h */,
				18B5D3C31F205299006725C1 /* teView.m */,
				184955AF1EE00D6A00AE7634 /* HelloOperation.h */,
				184955B01EE00D6A00AE7634 /* HelloOperation.m */,
				18DAAA501EC15DE200B5C6B5 /* parentTable.swift */,
			);
			name = IdeaValidating;
			sourceTree = "<group>";
		};
		1812C6301F4D20D400F34380 /* Diff_Block_Delegate */ = {
			isa = PBXGroup;
			children = (
				1812C6351F4D212F00F34380 /* BDDiffVC.h */,
				1812C6361F4D212F00F34380 /* BDDiffVC.m */,
				1812C6381F4D221300F34380 /* BDDiffView.h */,
				1812C6391F4D221300F34380 /* BDDiffView.m */,
			);
			name = Diff_Block_Delegate;
			sourceTree = "<group>";
		};
		1822FD671F68D9AE0031C819 /* SwiftyProtocol */ = {
			isa = PBXGroup;
			children = (
				1822FD691F68D9EB0031C819 /* SwiftLab.swift */,
				18197F681F71208900CDF2E5 /* PointPathManage.swift */,
			);
			name = SwiftyProtocol;
			sourceTree = "<group>";
		};
		182D205C1F4FBA7B0057DC34 /* AsyncSafe */ = {
			isa = PBXGroup;
			children = (
				182D205E1F4FBAE00057DC34 /* AsyncSafeVC.h */,
				182D205F1F4FBAE00057DC34 /* AsyncSafeVC.m */,
				182D20611F4FBBBD0057DC34 /* AsyncSafeOCManage.h */,
				182D20621F4FBBBD0057DC34 /* AsyncSafeOCManage.m */,
				182D20641F4FBBFD0057DC34 /* AsyncSafeSwiftyManage.swift */,
			);
			name = AsyncSafe;
			sourceTree = "<group>";
		};
		1836C6DD1F46842900D478AC /* BlueTooth */ = {
			isa = PBXGroup;
			children = (
				1836C6E11F4684B300D478AC /* BlueTooth.swift */,
			);
			name = BlueTooth;
			sourceTree = "<group>";
		};
		185B8D031F3960AF00B1C9C5 /* ResizeImage */ = {
			isa = PBXGroup;
			children = (
				185B8D041F39613D00B1C9C5 /* ResizeImageVC.h */,
				185B8D051F39613D00B1C9C5 /* ResizeImageVC.m */,
			);
			name = ResizeImage;
			sourceTree = "<group>";
		};
		1861607C1F36BAA900A877CE /* Swifty */ = {
			isa = PBXGroup;
			children = (
				1861607D1F36BAD200A877CE /* SwiftyDiffVC.swift */,
			);
			name = Swifty;
			sourceTree = "<group>";
		};
		1861607F1F36BD2000A877CE /* Category */ = {
			isa = PBXGroup;
			children = (
				18D9A99B1F2089750015C741 /* teModel+UnitTest.h */,
				18D9A99C1F2089750015C741 /* teModel+UnitTest.m */,
				18D9A9951F2085B40015C741 /* teView+UnitTest.h */,
				18D9A9961F2085B40015C741 /* teView+UnitTest.m */,
				18DECABF1F03998400BF1D3D /* UIFont+swizzleFont.h */,
				18DECAC01F03998400BF1D3D /* UIFont+swizzleFont.m */,
				180279211ED95E1B009BBA97 /* UIViewController+Tracking.h */,
				180279221ED95E1B009BBA97 /* UIViewController+Tracking.m */,
				186160801F36BD6200A877CE /* NSObject+Utility.h */,
				186160811F36BD6200A877CE /* NSObject+Utility.m */,
				182B63D51EC00EEF00E2DADA /* UIViewController+testSubFunc.h */,
				182B63D61EC00EEF00E2DADA /* UIViewController+testSubFunc.m */,
			);
			name = Category;
			sourceTree = "<group>";
		};
		1861A1511F23224100055620 /* KeyBoardModule */ = {
			isa = PBXGroup;
			children = (
				1861A1521F23228E00055620 /* SwiftyImportView.swift */,
				1861A1541F23231700055620 /* KeyBoardVC.h */,
				1861A1551F23231700055620 /* KeyBoardVC.m */,
			);
			name = KeyBoardModule;
			sourceTree = "<group>";
		};
		1882835B1F3D9361003891BE /* OtherVCs */ = {
			isa = PBXGroup;
			children = (
				1822FD671F68D9AE0031C819 /* SwiftyProtocol */,
				182D205C1F4FBA7B0057DC34 /* AsyncSafe */,
				1812C6301F4D20D400F34380 /* Diff_Block_Delegate */,
				1800C8571F2ACD7F00E3E8B9 /* BitMap */,
				1836C6DD1F46842900D478AC /* BlueTooth */,
				18A95C6B1F42F7880078954D /* TalbeViewWithRxSwift */,
				18A95C641F428DDF0078954D /* StateVC */,
				18A1ED3D1F4143B300FAD25E /* DataManage&LLDB */,
				1882835C1F3D937E003891BE /* AsyncDisplay&cate */,
				185B8D031F3960AF00B1C9C5 /* ResizeImage */,
				1861607C1F36BAA900A877CE /* Swifty */,
			);
			name = OtherVCs;
			sourceTree = "<group>";
		};
		1882835C1F3D937E003891BE /* AsyncDisplay&cate */ = {
			isa = PBXGroup;
			children = (
				181A19A21F3EDF08007FC8C4 /* TextureVC.h */,
				181A19A31F3EDF08007FC8C4 /* TextureVC.m */,
				18B850E91F4AC53100D487B7 /* Model */,
				18B850E81F4AC52300D487B7 /* Nodes */,
			);
			name = "AsyncDisplay&cate";
			sourceTree = "<group>";
		};
		18A1ED3D1F4143B300FAD25E /* DataManage&LLDB */ = {
			isa = PBXGroup;
			children = (
				18A1ED3E1F4143DA00FAD25E /* LLDBLearn.h */,
				18A1ED3F1F4143DA00FAD25E /* LLDBLearn.m */,
				18A1ED411F418C5B00FAD25E /* LLDBLearnObject.h */,
				18A1ED421F418C5B00FAD25E /* LLDBLearnObject.m */,
				18A1ED441F418C7100FAD25E /* LLDBLearnObject+NewVar.h */,
				18A1ED451F418C7100FAD25E /* LLDBLearnObject+NewVar.m */,
			);
			name = "DataManage&LLDB";
			sourceTree = "<group>";
		};
		18A95C641F428DDF0078954D /* StateVC */ = {
			isa = PBXGroup;
			children = (
				18A95C651F428E2E0078954D /* SVCPractice.swift */,
			);
			name = StateVC;
			sourceTree = "<group>";
		};
		18A95C6B1F42F7880078954D /* TalbeViewWithRxSwift */ = {
			isa = PBXGroup;
			children = (
				18A95C6C1F42F7EB0078954D /* RxSwiftTable.swift */,
			);
			name = TalbeViewWithRxSwift;
			sourceTree = "<group>";
		};
		18B850DA1F4A76B300D487B7 /* GlobalDefine */ = {
			isa = PBXGroup;
			children = (
				18F523631E9C7C8B00ACF0D4 /* GlobalTool.h */,
				18F523641E9C7C8B00ACF0D4 /* GlobalTool.m */,
				185E247C1EB041AD006B5ABD /* globalDefine.swift */,
			);
			name = GlobalDefine;
			sourceTree = "<group>";
		};
		18B850E81F4AC52300D487B7 /* Nodes */ = {
			isa = PBXGroup;
			children = (
				181A19A51F3F3BB5007FC8C4 /* LayoutLearnNode.h */,
				181A19A61F3F3BB5007FC8C4 /* LayoutLearnNode.m */,
				18A95C671F42DBDB0078954D /* ImageNode.h */,
				18A95C681F42DBDB0078954D /* ImageNode.m */,
				18B850DC1F4A890F00D487B7 /* SizeNode.h */,
				18B850DD1F4A890F00D487B7 /* SizeNode.m */,
				18B850F31F4AD8B800D487B7 /* InnerSizeNode.h */,
				18B850F41F4AD8B800D487B7 /* InnerSizeNode.m */,
				18B850ED1F4AC90900D487B7 /* ListCellNodel.h */,
				18B850EE1F4AC90900D487B7 /* ListCellNodel.m */,
			);
			name = Nodes;
			sourceTree = "<group>";
		};
		18B850E91F4AC53100D487B7 /* Model */ = {
			isa = PBXGroup;
			children = (
				18B850EA1F4AC70B00D487B7 /* CellNodeModel.h */,
				18B850EB1F4AC70B00D487B7 /* CellNodeModel.m */,
				18B850F01F4ACADB00D487B7 /* TextStyles.h */,
				18B850F11F4ACADB00D487B7 /* TextStyles.m */,
				18F9E7BD1F593E72006A4F7F /* TextStyles+WhichFirst.h */,
				18F9E7BE1F593E72006A4F7F /* TextStyles+WhichFirst.m */,
			);
			name = Model;
			sourceTree = "<group>";
		};
		18E8740D1ED672A800CAF89C /* BaseCoreData */ = {
			isa = PBXGroup;
			children = (
				18ABFB1D1ED6B6D800B179FF /* Department+CoreDataClass.swift */,
				18ABFB1E1ED6B6D800B179FF /* Department+CoreDataProperties.swift */,
				18ABFB191ED6B6A100B179FF /* Employee+CoreDataClass.swift */,
				18ABFB1A1ED6B6A100B179FF /* Employee+CoreDataProperties.swift */,
				18E8740E1ED6744800CAF89C /* Model.xcdatamodeld */,
			);
			name = BaseCoreData;
			sourceTree = "<group>";
		};
		18F2FCF51EE641F900553D20 /* ImagePicker */ = {
			isa = PBXGroup;
			children = (
				18F2FCFF1EE6820100553D20 /* View */,
				18F2FCF71EE6421A00553D20 /* Model */,
				18F2FCF61EE6420900553D20 /* Controllrt */,
			);
			name = ImagePicker;
			sourceTree = "<group>";
		};
		18F2FCF61EE6420900553D20 /* Controllrt */ = {
			isa = PBXGroup;
			children = (
				18F2FCF31EE641E600553D20 /* ImagePickWidgetSwift.swift */,
				186D0F401EE792450038CAC5 /* CustomNavController.swift */,
			);
			name = Controllrt;
			sourceTree = "<group>";
		};
		18F2FCF71EE6421A00553D20 /* Model */ = {
			isa = PBXGroup;
			children = (
				18F2FCF81EE6424C00553D20 /* PhotoTool.swift */,
				18F2FCFA1EE64F8800553D20 /* PhotoAlbumModel.swift */,
			);
			name = Model;
			sourceTree = "<group>";
		};
		18F2FCFF1EE6820100553D20 /* View */ = {
			isa = PBXGroup;
			children = (
				18F2FCFC1EE681F500553D20 /* ImagePickView.swift */,
			);
			name = View;
			sourceTree = "<group>";
		};
		18F9D3461F46F1EC00648ED6 /* Products */ = {
			isa = PBXGroup;
			children = (
				18F9D34B1F46F1ED00648ED6 /* ImagePicker.framework */,
				18F9D34D1F46F1ED00648ED6 /* ImagePickerTests.xctest */,
			);
			name = Products;
			sourceTree = "<group>";
		};
		50AD1A327A2D7A0BF6AB9988 /* Frameworks */ = {
			isa = PBXGroup;
			children = (
				388137095DFAF6BC02CD65A8 /* Pods_JSCallOC.framework */,
			);
			name = Frameworks;
			sourceTree = "<group>";
		};
		52BC7F7D1BFB68A800642835 = {
			isa = PBXGroup;
			children = (
				18F9D3451F46F1EC00648ED6 /* ImagePicker.xcodeproj */,
				52BC7F881BFB68A800642835 /* JSCallOC */,
				52BC7FA21BFB68A800642835 /* JSCallOCTests */,
				52BC7FAD1BFB68A800642835 /* JSCallOCUITests */,
				52BC7F871BFB68A800642835 /* Products */,
				AFF9A5B8F26FEDABF16BD275 /* Pods */,
				50AD1A327A2D7A0BF6AB9988 /* Frameworks */,
			);
			sourceTree = "<group>";
		};
		52BC7F871BFB68A800642835 /* Products */ = {
			isa = PBXGroup;
			children = (
				52BC7F861BFB68A800642835 /* JSCallOC.app */,
				52BC7F9F1BFB68A800642835 /* JSCallOCTests.xctest */,
				52BC7FAA1BFB68A800642835 /* JSCallOCUITests.xctest */,
			);
			name = Products;
			sourceTree = "<group>";
		};
		52BC7F881BFB68A800642835 /* JSCallOC */ = {
			isa = PBXGroup;
			children = (
				18B850DA1F4A76B300D487B7 /* GlobalDefine */,
				180EE1661ED7D19C00381806 /* IdeaValidating */,
				18E8740D1ED672A800CAF89C /* BaseCoreData */,
				52BC7F8C1BFB68A800642835 /* AppDelegate.h */,
				52BC7F8D1BFB68A800642835 /* AppDelegate.m */,
				52BC7F8F1BFB68A800642835 /* ViewController.h */,
				52BC7F901BFB68A800642835 /* ViewController.m */,
				1882835B1F3D9361003891BE /* OtherVCs */,
				1861607F1F36BD2000A877CE /* Category */,
				1861A1511F23224100055620 /* KeyBoardModule */,
				187136C61F204B7700408C99 /* DeployableTableViewController.h */,
				187136C71F204B7700408C99 /* DeployableTableViewController.m */,
				18F2FCF51EE641F900553D20 /* ImagePicker */,
				52BC7F921BFB68A800642835 /* Main.storyboard */,
				52BC7F951BFB68A800642835 /* Assets.xcassets */,
				52BC7F971BFB68A800642835 /* LaunchScreen.storyboard */,
				52BC7F9A1BFB68A800642835 /* Info.plist */,
				52BC7F891BFB68A800642835 /* Supporting Files */,
				52BC7FBC1BFB692900642835 /* JKWebView.h */,
				52BC7FBD1BFB692900642835 /* JKWebView.m */,
				18E88A571E7A8B57000DD208 /* JSCallOC-Bridging-Header.h */,
			);
			path = JSCallOC;
			sourceTree = "<group>";
		};
		52BC7F891BFB68A800642835 /* Supporting Files */ = {
			isa = PBXGroup;
			children = (
				52BC7FBF1BFB6A2F00642835 /* html */,
				52BC7F8A1BFB68A800642835 /* main.m */,
				1861607B1F36B0FC00A877CE /* JSCallOC-Prefix.pch */,
			);
			name = "Supporting Files";
			sourceTree = "<group>";
		};
		52BC7FA21BFB68A800642835 /* JSCallOCTests */ = {
			isa = PBXGroup;
			children = (
				18D9A99E1F2089A10015C741 /* testModelInsert.m */,
				18D9A9931F20829E0015C741 /* testViewRan.m */,
				52BC7FA31BFB68A800642835 /* JSCallOCTests.m */,
				52BC7FA51BFB68A800642835 /* Info.plist */,
			);
			path = JSCallOCTests;
			sourceTree = "<group>";
		};
		52BC7FAD1BFB68A800642835 /* JSCallOCUITests */ = {
			isa = PBXGroup;
			children = (
				52BC7FAE1BFB68A800642835 /* JSCallOCUITests.m */,
				52BC7FB01BFB68A800642835 /* Info.plist */,
			);
			path = JSCallOCUITests;
			sourceTree = "<group>";
		};
		52BC7FBF1BFB6A2F00642835 /* html */ = {
			isa = PBXGroup;
			children = (
				52BC7FC01BFB6A2F00642835 /* index.html */,
				52BC7FC11BFB6A2F00642835 /* index.js */,
			);
			path = html;
			sourceTree = "<group>";
		};
		AFF9A5B8F26FEDABF16BD275 /* Pods */ = {
			isa = PBXGroup;
			children = (
				4932F40DA1444B9B1CA37035 /* Pods-JSCallOC.debug.xcconfig */,
				42652FE601722F97D4A24DAC /* Pods-JSCallOC.release.xcconfig */,
			);
			name = Pods;
			sourceTree = "<group>";
		};
/* End PBXGroup section */

/* Begin PBXNativeTarget section */
		52BC7F851BFB68A800642835 /* JSCallOC */ = {
			isa = PBXNativeTarget;
			buildConfigurationList = 52BC7FB31BFB68A800642835 /* Build configuration list for PBXNativeTarget "JSCallOC" */;
			buildPhases = (
				AAE6C28D33673BA865869CAD /* [CP] Check Pods Manifest.lock */,
				52BC7F821BFB68A800642835 /* Sources */,
				52BC7F831BFB68A800642835 /* Frameworks */,
				52BC7F841BFB68A800642835 /* Resources */,
				F2216E839571F3396BC7516C /* [CP] Embed Pods Frameworks */,
				613053F135FB85D378F560AC /* [CP] Copy Pods Resources */,
			);
			buildRules = (
			);
			dependencies = (
				18F9D3531F46F31000648ED6 /* PBXTargetDependency */,
			);
			name = JSCallOC;
			productName = JSCallOC;
			productReference = 52BC7F861BFB68A800642835 /* JSCallOC.app */;
			productType = "com.apple.product-type.application";
		};
		52BC7F9E1BFB68A800642835 /* JSCallOCTests */ = {
			isa = PBXNativeTarget;
			buildConfigurationList = 52BC7FB61BFB68A800642835 /* Build configuration list for PBXNativeTarget "JSCallOCTests" */;
			buildPhases = (
				52BC7F9B1BFB68A800642835 /* Sources */,
				52BC7F9C1BFB68A800642835 /* Frameworks */,
				52BC7F9D1BFB68A800642835 /* Resources */,
			);
			buildRules = (
			);
			dependencies = (
				52BC7FA11BFB68A800642835 /* PBXTargetDependency */,
			);
			name = JSCallOCTests;
			productName = JSCallOCTests;
			productReference = 52BC7F9F1BFB68A800642835 /* JSCallOCTests.xctest */;
			productType = "com.apple.product-type.bundle.unit-test";
		};
		52BC7FA91BFB68A800642835 /* JSCallOCUITests */ = {
			isa = PBXNativeTarget;
			buildConfigurationList = 52BC7FB91BFB68A800642835 /* Build configuration list for PBXNativeTarget "JSCallOCUITests" */;
			buildPhases = (
				52BC7FA61BFB68A800642835 /* Sources */,
				52BC7FA71BFB68A800642835 /* Frameworks */,
				52BC7FA81BFB68A800642835 /* Resources */,
			);
			buildRules = (
			);
			dependencies = (
				52BC7FAC1BFB68A800642835 /* PBXTargetDependency */,
			);
			name = JSCallOCUITests;
			productName = JSCallOCUITests;
			productReference = 52BC7FAA1BFB68A800642835 /* JSCallOCUITests.xctest */;
			productType = "com.apple.product-type.bundle.ui-testing";
		};
/* End PBXNativeTarget section */

/* Begin PBXProject section */
		52BC7F7E1BFB68A800642835 /* Project object */ = {
			isa = PBXProject;
			attributes = {
				LastUpgradeCheck = 0710;
				ORGANIZATIONNAME = wangdan;
				TargetAttributes = {
					52BC7F851BFB68A800642835 = {
						CreatedOnToolsVersion = 7.1.1;
						DevelopmentTeam = Y4LL979Y4D;
						LastSwiftMigration = 0820;
					};
					52BC7F9E1BFB68A800642835 = {
						CreatedOnToolsVersion = 7.1.1;
						DevelopmentTeam = 99TB687GKR;
						TestTargetID = 52BC7F851BFB68A800642835;
					};
					52BC7FA91BFB68A800642835 = {
						CreatedOnToolsVersion = 7.1.1;
						DevelopmentTeam = 99TB687GKR;
						TestTargetID = 52BC7F851BFB68A800642835;
					};
				};
			};
			buildConfigurationList = 52BC7F811BFB68A800642835 /* Build configuration list for PBXProject "JSCallOC" */;
			compatibilityVersion = "Xcode 3.2";
			developmentRegion = English;
			hasScannedForEncodings = 0;
			knownRegions = (
				en,
				Base,
			);
			mainGroup = 52BC7F7D1BFB68A800642835;
			productRefGroup = 52BC7F871BFB68A800642835 /* Products */;
			projectDirPath = "";
			projectReferences = (
				{
					ProductGroup = 18F9D3461F46F1EC00648ED6 /* Products */;
					ProjectRef = 18F9D3451F46F1EC00648ED6 /* ImagePicker.xcodeproj */;
				},
			);
			projectRoot = "";
			targets = (
				52BC7F851BFB68A800642835 /* JSCallOC */,
				52BC7F9E1BFB68A800642835 /* JSCallOCTests */,
				52BC7FA91BFB68A800642835 /* JSCallOCUITests */,
			);
		};
/* End PBXProject section */

/* Begin PBXReferenceProxy section */
		18F9D34B1F46F1ED00648ED6 /* ImagePicker.framework */ = {
			isa = PBXReferenceProxy;
			fileType = wrapper.framework;
			path = ImagePicker.framework;
			remoteRef = 18F9D34A1F46F1ED00648ED6 /* PBXContainerItemProxy */;
			sourceTree = BUILT_PRODUCTS_DIR;
		};
		18F9D34D1F46F1ED00648ED6 /* ImagePickerTests.xctest */ = {
			isa = PBXReferenceProxy;
			fileType = wrapper.cfbundle;
			path = ImagePickerTests.xctest;
			remoteRef = 18F9D34C1F46F1ED00648ED6 /* PBXContainerItemProxy */;
			sourceTree = BUILT_PRODUCTS_DIR;
		};
/* End PBXReferenceProxy section */

/* Begin PBXResourcesBuildPhase section */
		52BC7F841BFB68A800642835 /* Resources */ = {
			isa = PBXResourcesBuildPhase;
			buildActionMask = 2147483647;
			files = (
				52BC7FC31BFB6A2F00642835 /* index.js in Resources */,
				52BC7F991BFB68A800642835 /* LaunchScreen.storyboard in Resources */,
				52BC7FC21BFB6A2F00642835 /* index.html in Resources */,
				52BC7F961BFB68A800642835 /* Assets.xcassets in Resources */,
				52BC7F941BFB68A800642835 /* Main.storyboard in Resources */,
			);
			runOnlyForDeploymentPostprocessing = 0;
		};
		52BC7F9D1BFB68A800642835 /* Resources */ = {
			isa = PBXResourcesBuildPhase;
			buildActionMask = 2147483647;
			files = (
			);
			runOnlyForDeploymentPostprocessing = 0;
		};
		52BC7FA81BFB68A800642835 /* Resources */ = {
			isa = PBXResourcesBuildPhase;
			buildActionMask = 2147483647;
			files = (
			);
			runOnlyForDeploymentPostprocessing = 0;
		};
/* End PBXResourcesBuildPhase section */

/* Begin PBXShellScriptBuildPhase section */
		613053F135FB85D378F560AC /* [CP] Copy Pods Resources */ = {
			isa = PBXShellScriptBuildPhase;
			buildActionMask = 2147483647;
			files = (
			);
			inputPaths = (
			);
			name = "[CP] Copy Pods Resources";
			outputPaths = (
			);
			runOnlyForDeploymentPostprocessing = 0;
			shellPath = /bin/sh;
			shellScript = "\"${SRCROOT}/Pods/Target Support Files/Pods-JSCallOC/Pods-JSCallOC-resources.sh\"\n";
			showEnvVarsInLog = 0;
		};
		AAE6C28D33673BA865869CAD /* [CP] Check Pods Manifest.lock */ = {
			isa = PBXShellScriptBuildPhase;
			buildActionMask = 2147483647;
			files = (
			);
			inputPaths = (
				"${PODS_PODFILE_DIR_PATH}/Podfile.lock",
				"${PODS_ROOT}/Manifest.lock",
			);
			name = "[CP] Check Pods Manifest.lock";
			outputPaths = (
				"$(DERIVED_FILE_DIR)/Pods-JSCallOC-checkManifestLockResult.txt",
			);
			runOnlyForDeploymentPostprocessing = 0;
			shellPath = /bin/sh;
			shellScript = "diff \"${PODS_PODFILE_DIR_PATH}/Podfile.lock\" \"${PODS_ROOT}/Manifest.lock\" > /dev/null\nif [ $? != 0 ] ; then\n    # print error to STDERR\n    echo \"error: The sandbox is not in sync with the Podfile.lock. Run 'pod install' or update your CocoaPods installation.\" >&2\n    exit 1\nfi\n";
			showEnvVarsInLog = 0;
		};
		F2216E839571F3396BC7516C /* [CP] Embed Pods Frameworks */ = {
			isa = PBXShellScriptBuildPhase;
			buildActionMask = 2147483647;
			files = (
			);
			inputPaths = (
				"${SRCROOT}/Pods/Target Support Files/Pods-JSCallOC/Pods-JSCallOC-frameworks.sh",
				"${BUILT_PRODUCTS_DIR}/AFNetworking/AFNetworking.framework",
				"${BUILT_PRODUCTS_DIR}/RxCocoa/RxCocoa.framework",
				"${BUILT_PRODUCTS_DIR}/RxDataSources/RxDataSources.framework",
				"${BUILT_PRODUCTS_DIR}/RxSwift/RxSwift.framework",
			);
			name = "[CP] Embed Pods Frameworks";
			outputPaths = (
				"${TARGET_BUILD_DIR}/${FRAMEWORKS_FOLDER_PATH}/AFNetworking.framework",
				"${TARGET_BUILD_DIR}/${FRAMEWORKS_FOLDER_PATH}/RxCocoa.framework",
				"${TARGET_BUILD_DIR}/${FRAMEWORKS_FOLDER_PATH}/RxDataSources.framework",
				"${TARGET_BUILD_DIR}/${FRAMEWORKS_FOLDER_PATH}/RxSwift.framework",
			);
			runOnlyForDeploymentPostprocessing = 0;
			shellPath = /bin/sh;
			shellScript = "\"${SRCROOT}/Pods/Target Support Files/Pods-JSCallOC/Pods-JSCallOC-frameworks.sh\"\n";
			showEnvVarsInLog = 0;
		};
/* End PBXShellScriptBuildPhase section */

/* Begin PBXSourcesBuildPhase section */
		52BC7F821BFB68A800642835 /* Sources */ = {
			isa = PBXSourcesBuildPhase;
			buildActionMask = 2147483647;
			files = (
				607E8BBB1EF2C7A400DA8FA2 /* testAniView.swift in Sources */,
				187136C81F204B7700408C99 /* DeployableTableViewController.m in Sources */,
				1812C6371F4D212F00F34380 /* BDDiffVC.m in Sources */,
				181A19A41F3EDF08007FC8C4 /* TextureVC.m in Sources */,
				18DECAC11F03998400BF1D3D /* UIFont+swizzleFont.m in Sources */,
				52BC7FBE1BFB692900642835 /* JKWebView.m in Sources */,
				1822FD6A1F68D9EB0031C819 /* SwiftLab.swift in Sources */,
				182D20631F4FBBBD0057DC34 /* AsyncSafeOCManage.m in Sources */,
				18B850EC1F4AC70B00D487B7 /* CellNodeModel.m in Sources */,
				52BC7F911BFB68A800642835 /* ViewController.m in Sources */,
				18B850F51F4AD8B800D487B7 /* InnerSizeNode.m in Sources */,
				182D20601F4FBAE00057DC34 /* AsyncSafeVC.m in Sources */,
				1800C85A1F2ACDA900E3E8B9 /* BitMapVC.m in Sources */,
				18DD67451EB97E49000BD37E /* StepCountWidget.swift in Sources */,
				180279231ED95E1B009BBA97 /* UIViewController+Tracking.m in Sources */,
				6059A0C81F1B7BEA001B1E68 /* CataTestView.m in Sources */,
				18B850F21F4ACADB00D487B7 /* TextStyles.m in Sources */,
				18E8741E1ED67C3200CAF89C /* BaseCoreData.swift in Sources */,
				1861A1561F23231700055620 /* KeyBoardVC.m in Sources */,
				182B63D71EC00EEF00E2DADA /* UIViewController+testSubFunc.m in Sources */,
				18F2FCFD1EE681F500553D20 /* ImagePickView.swift in Sources */,
				180EE1681ED7D1C500381806 /* animationInSwift.swift in Sources */,
				18B850EF1F4AC90900D487B7 /* ListCellNodel.m in Sources */,
				18D9A9971F2085B40015C741 /* teView+UnitTest.m in Sources */,
				18D9A99D1F2089750015C741 /* teModel+UnitTest.m in Sources */,
				18B5D3C41F205299006725C1 /* teView.m in Sources */,
				18F2FCFB1EE64F8800553D20 /* PhotoAlbumModel.swift in Sources */,
				182D20651F4FBBFD0057DC34 /* AsyncSafeSwiftyManage.swift in Sources */,
				6059A0CB1F1B7C80001B1E68 /* CataTestView+BridgeTest.m in Sources */,
				1861607E1F36BAD200A877CE /* SwiftyDiffVC.swift in Sources */,
				18A95C6D1F42F7EB0078954D /* RxSwiftTable.swift in Sources */,
				18B850DE1F4A890F00D487B7 /* SizeNode.m in Sources */,
				18F9E7BF1F593E72006A4F7F /* TextStyles+WhichFirst.m in Sources */,
				1861A1531F23228E00055620 /* SwiftyImportView.swift in Sources */,
				18ABFB1F1ED6B6D800B179FF /* Department+CoreDataClass.swift in Sources */,
				18A95C661F428E2E0078954D /* SVCPractice.swift in Sources */,
				18F2FCF41EE641E600553D20 /* ImagePickWidgetSwift.swift in Sources */,
				185E247D1EB041AD006B5ABD /* globalDefine.swift in Sources */,
				18ABFB201ED6B6D800B179FF /* Department+CoreDataProperties.swift in Sources */,
				607E8BB91EF2C56C00DA8FA2 /* testAnimationVC.m in Sources */,
				18A1ED431F418C5B00FAD25E /* LLDBLearnObject.m in Sources */,
				18087AD21EFD03EA009CEF47 /* MD5Encryption.m in Sources */,
				18DAAA511EC15DE200B5C6B5 /* parentTable.swift in Sources */,
				18F2FCF91EE6424D00553D20 /* PhotoTool.swift in Sources */,
				1812C63A1F4D221300F34380 /* BDDiffView.m in Sources */,
				18F523651E9C7C8B00ACF0D4 /* GlobalTool.m in Sources */,
				18ABFB1B1ED6B6A100B179FF /* Employee+CoreDataClass.swift in Sources */,
				1836C6E21F4684B300D478AC /* BlueTooth.swift in Sources */,
				52BC7F8E1BFB68A800642835 /* AppDelegate.m in Sources */,
				18A1ED461F418C7100FAD25E /* LLDBLearnObject+NewVar.m in Sources */,
				18ABFB1C1ED6B6A100B179FF /* Employee+CoreDataProperties.swift in Sources */,
				18E88A5B1E7A8DCD000DD208 /* testModel.swift in Sources */,
				18197F691F71208900CDF2E5 /* PointPathManage.swift in Sources */,
				52BC7F8B1BFB68A800642835 /* main.m in Sources */,
				185F85921E83CD530051B761 /* testChild.m in Sources */,
				1800C85D1F2ACE1A00E3E8B9 /* BitMapView.m in Sources */,
				18A1ED401F4143DA00FAD25E /* LLDBLearn.m in Sources */,
				185E247F1EB077F4006B5ABD /* closureTestView.swift in Sources */,
				18D9A99A1F2088F80015C741 /* teModel.m in Sources */,
				186D0F411EE792450038CAC5 /* CustomNavController.swift in Sources */,
				18E88A591E7A8B57000DD208 /* baseModel.swift in Sources */,
				18E874101ED6744800CAF89C /* Model.xcdatamodeld in Sources */,
				185B8D061F39613D00B1C9C5 /* ResizeImageVC.m in Sources */,
				18A95C691F42DBDB0078954D /* ImageNode.m in Sources */,
				18E98DFE1ED3D216007E92AE /* ImageReader.m in Sources */,
				186160821F36BD6200A877CE /* NSObject+Utility.m in Sources */,
				181A19A71F3F3BB5007FC8C4 /* LayoutLearnNode.m in Sources */,
				184955B11EE00D6A00AE7634 /* HelloOperation.m in Sources */,
			);
			runOnlyForDeploymentPostprocessing = 0;
		};
		52BC7F9B1BFB68A800642835 /* Sources */ = {
			isa = PBXSourcesBuildPhase;
			buildActionMask = 2147483647;
			files = (
				18D9A9941F20829E0015C741 /* testViewRan.m in Sources */,
				52BC7FA41BFB68A800642835 /* JSCallOCTests.m in Sources */,
				18D9A99F1F2089A10015C741 /* testModelInsert.m in Sources */,
			);
			runOnlyForDeploymentPostprocessing = 0;
		};
		52BC7FA61BFB68A800642835 /* Sources */ = {
			isa = PBXSourcesBuildPhase;
			buildActionMask = 2147483647;
			files = (
				52BC7FAF1BFB68A800642835 /* JSCallOCUITests.m in Sources */,
			);
			runOnlyForDeploymentPostprocessing = 0;
		};
/* End PBXSourcesBuildPhase section */

/* Begin PBXTargetDependency section */
		18F9D3531F46F31000648ED6 /* PBXTargetDependency */ = {
			isa = PBXTargetDependency;
			name = ImagePicker;
			targetProxy = 18F9D3521F46F31000648ED6 /* PBXContainerItemProxy */;
		};
		52BC7FA11BFB68A800642835 /* PBXTargetDependency */ = {
			isa = PBXTargetDependency;
			target = 52BC7F851BFB68A800642835 /* JSCallOC */;
			targetProxy = 52BC7FA01BFB68A800642835 /* PBXContainerItemProxy */;
		};
		52BC7FAC1BFB68A800642835 /* PBXTargetDependency */ = {
			isa = PBXTargetDependency;
			target = 52BC7F851BFB68A800642835 /* JSCallOC */;
			targetProxy = 52BC7FAB1BFB68A800642835 /* PBXContainerItemProxy */;
		};
/* End PBXTargetDependency section */

/* Begin PBXVariantGroup section */
		52BC7F921BFB68A800642835 /* Main.storyboard */ = {
			isa = PBXVariantGroup;
			children = (
				52BC7F931BFB68A800642835 /* Base */,
			);
			name = Main.storyboard;
			sourceTree = "<group>";
		};
		52BC7F971BFB68A800642835 /* LaunchScreen.storyboard */ = {
			isa = PBXVariantGroup;
			children = (
				52BC7F981BFB68A800642835 /* Base */,
			);
			name = LaunchScreen.storyboard;
			sourceTree = "<group>";
		};
/* End PBXVariantGroup section */

/* Begin XCBuildConfiguration section */
		52BC7FB11BFB68A800642835 /* Debug */ = {
			isa = XCBuildConfiguration;
			buildSettings = {
				ALWAYS_SEARCH_USER_PATHS = NO;
				CLANG_CXX_LANGUAGE_STANDARD = "gnu++0x";
				CLANG_CXX_LIBRARY = "libc++";
				CLANG_ENABLE_MODULES = YES;
				CLANG_ENABLE_OBJC_ARC = YES;
				CLANG_WARN_BOOL_CONVERSION = YES;
				CLANG_WARN_CONSTANT_CONVERSION = YES;
				CLANG_WARN_DIRECT_OBJC_ISA_USAGE = YES_ERROR;
				CLANG_WARN_EMPTY_BODY = YES;
				CLANG_WARN_ENUM_CONVERSION = YES;
				CLANG_WARN_INT_CONVERSION = YES;
				CLANG_WARN_OBJC_ROOT_CLASS = YES_ERROR;
				CLANG_WARN_UNREACHABLE_CODE = YES;
				CLANG_WARN__DUPLICATE_METHOD_MATCH = YES;
				"CODE_SIGN_IDENTITY[sdk=iphoneos*]" = "iPhone Developer";
				COPY_PHASE_STRIP = NO;
				DEBUG_INFORMATION_FORMAT = dwarf;
				ENABLE_STRICT_OBJC_MSGSEND = YES;
				ENABLE_TESTABILITY = YES;
				GCC_C_LANGUAGE_STANDARD = gnu99;
				GCC_DYNAMIC_NO_PIC = NO;
				GCC_NO_COMMON_BLOCKS = YES;
				GCC_OPTIMIZATION_LEVEL = 0;
				GCC_PREPROCESSOR_DEFINITIONS = (
					"DEBUG=1",
					"$(inherited)",
				);
				GCC_WARN_64_TO_32_BIT_CONVERSION = YES;
				GCC_WARN_ABOUT_RETURN_TYPE = YES_ERROR;
				GCC_WARN_UNDECLARED_SELECTOR = YES;
				GCC_WARN_UNINITIALIZED_AUTOS = YES_AGGRESSIVE;
				GCC_WARN_UNUSED_FUNCTION = YES;
				GCC_WARN_UNUSED_VARIABLE = YES;
				IPHONEOS_DEPLOYMENT_TARGET = 8.0;
				MTL_ENABLE_DEBUG_INFO = YES;
				ONLY_ACTIVE_ARCH = YES;
				SDKROOT = iphoneos;
			};
			name = Debug;
		};
		52BC7FB21BFB68A800642835 /* Release */ = {
			isa = XCBuildConfiguration;
			buildSettings = {
				ALWAYS_SEARCH_USER_PATHS = NO;
				CLANG_CXX_LANGUAGE_STANDARD = "gnu++0x";
				CLANG_CXX_LIBRARY = "libc++";
				CLANG_ENABLE_MODULES = YES;
				CLANG_ENABLE_OBJC_ARC = YES;
				CLANG_WARN_BOOL_CONVERSION = YES;
				CLANG_WARN_CONSTANT_CONVERSION = YES;
				CLANG_WARN_DIRECT_OBJC_ISA_USAGE = YES_ERROR;
				CLANG_WARN_EMPTY_BODY = YES;
				CLANG_WARN_ENUM_CONVERSION = YES;
				CLANG_WARN_INT_CONVERSION = YES;
				CLANG_WARN_OBJC_ROOT_CLASS = YES_ERROR;
				CLANG_WARN_UNREACHABLE_CODE = YES;
				CLANG_WARN__DUPLICATE_METHOD_MATCH = YES;
				"CODE_SIGN_IDENTITY[sdk=iphoneos*]" = "iPhone Developer";
				COPY_PHASE_STRIP = NO;
				DEBUG_INFORMATION_FORMAT = "dwarf-with-dsym";
				ENABLE_NS_ASSERTIONS = NO;
				ENABLE_STRICT_OBJC_MSGSEND = YES;
				GCC_C_LANGUAGE_STANDARD = gnu99;
				GCC_NO_COMMON_BLOCKS = YES;
				GCC_WARN_64_TO_32_BIT_CONVERSION = YES;
				GCC_WARN_ABOUT_RETURN_TYPE = YES_ERROR;
				GCC_WARN_UNDECLARED_SELECTOR = YES;
				GCC_WARN_UNINITIALIZED_AUTOS = YES_AGGRESSIVE;
				GCC_WARN_UNUSED_FUNCTION = YES;
				GCC_WARN_UNUSED_VARIABLE = YES;
				IPHONEOS_DEPLOYMENT_TARGET = 8.0;
				MTL_ENABLE_DEBUG_INFO = NO;
				SDKROOT = iphoneos;
				VALIDATE_PRODUCT = YES;
			};
			name = Release;
		};
		52BC7FB41BFB68A800642835 /* Debug */ = {
			isa = XCBuildConfiguration;
			baseConfigurationReference = 4932F40DA1444B9B1CA37035 /* Pods-JSCallOC.debug.xcconfig */;
			buildSettings = {
				ASSETCATALOG_COMPILER_APPICON_NAME = AppIcon;
				CLANG_ENABLE_MODULES = YES;
				CODE_SIGN_IDENTITY = "iPhone Developer";
				DEVELOPMENT_TEAM = Y4LL979Y4D;
				FRAMEWORK_SEARCH_PATHS = (
					"$(inherited)",
					"$(PROJECT_DIR)/JSCallOC",
				);
				GCC_PREFIX_HEADER = "/Users/apple/Documents/chaoticCode/JSCallOC/JSCallOC-Prefix.pch";
				INFOPLIST_FILE = JSCallOC/Info.plist;
				LD_RUNPATH_SEARCH_PATHS = "$(inherited) @executable_path/Frameworks";
				PRODUCT_BUNDLE_IDENTIFIER = WanHangTechnology.CampusForTest;
				PRODUCT_NAME = "$(TARGET_NAME)";
				SWIFT_OBJC_BRIDGING_HEADER = "JSCallOC/JSCallOC-Bridging-Header.h";
				SWIFT_OBJC_INTERFACE_HEADER_NAME = "MayIHelpYou-Swift.h";
				SWIFT_OPTIMIZATION_LEVEL = "-Onone";
				SWIFT_VERSION = 3.0;
			};
			name = Debug;
		};
		52BC7FB51BFB68A800642835 /* Release */ = {
			isa = XCBuildConfiguration;
			baseConfigurationReference = 42652FE601722F97D4A24DAC /* Pods-JSCallOC.release.xcconfig */;
			buildSettings = {
				ASSETCATALOG_COMPILER_APPICON_NAME = AppIcon;
				CLANG_ENABLE_MODULES = YES;
				CODE_SIGN_IDENTITY = "iPhone Developer";
				DEVELOPMENT_TEAM = Y4LL979Y4D;
				FRAMEWORK_SEARCH_PATHS = (
					"$(inherited)",
					"$(PROJECT_DIR)/JSCallOC",
				);
				GCC_PREFIX_HEADER = "/Users/apple/Documents/chaoticCode/JSCallOC/JSCallOC-Prefix.pch";
				INFOPLIST_FILE = JSCallOC/Info.plist;
				LD_RUNPATH_SEARCH_PATHS = "$(inherited) @executable_path/Frameworks";
				PRODUCT_BUNDLE_IDENTIFIER = WanHangTechnology.CampusForTest;
				PRODUCT_NAME = "$(TARGET_NAME)";
				SWIFT_OBJC_BRIDGING_HEADER = "JSCallOC/JSCallOC-Bridging-Header.h";
				SWIFT_OBJC_INTERFACE_HEADER_NAME = "MayIHelpYou-Swift.h";
				SWIFT_VERSION = 3.0;
			};
			name = Release;
		};
		52BC7FB71BFB68A800642835 /* Debug */ = {
			isa = XCBuildConfiguration;
			buildSettings = {
				ALWAYS_EMBED_SWIFT_STANDARD_LIBRARIES = YES;
				BUNDLE_LOADER = "$(TEST_HOST)";
				INFOPLIST_FILE = JSCallOCTests/Info.plist;
				LD_RUNPATH_SEARCH_PATHS = "$(inherited) @executable_path/Frameworks @loader_path/Frameworks";
				PRODUCT_BUNDLE_IDENTIFIER = com.jakill.1977.JSCallOCTests;
				PRODUCT_NAME = "$(TARGET_NAME)";
				TEST_HOST = "$(BUILT_PRODUCTS_DIR)/JSCallOC.app/JSCallOC";
			};
			name = Debug;
		};
		52BC7FB81BFB68A800642835 /* Release */ = {
			isa = XCBuildConfiguration;
			buildSettings = {
				ALWAYS_EMBED_SWIFT_STANDARD_LIBRARIES = YES;
				BUNDLE_LOADER = "$(TEST_HOST)";
				INFOPLIST_FILE = JSCallOCTests/Info.plist;
				LD_RUNPATH_SEARCH_PATHS = "$(inherited) @executable_path/Frameworks @loader_path/Frameworks";
				PRODUCT_BUNDLE_IDENTIFIER = com.jakill.1977.JSCallOCTests;
				PRODUCT_NAME = "$(TARGET_NAME)";
				TEST_HOST = "$(BUILT_PRODUCTS_DIR)/JSCallOC.app/JSCallOC";
			};
			name = Release;
		};
		52BC7FBA1BFB68A800642835 /* Debug */ = {
			isa = XCBuildConfiguration;
			buildSettings = {
				ALWAYS_EMBED_SWIFT_STANDARD_LIBRARIES = YES;
				INFOPLIST_FILE = JSCallOCUITests/Info.plist;
				LD_RUNPATH_SEARCH_PATHS = "$(inherited) @executable_path/Frameworks @loader_path/Frameworks";
				PRODUCT_BUNDLE_IDENTIFIER = com.jakill.1977.JSCallOCUITests;
				PRODUCT_NAME = "$(TARGET_NAME)";
				TEST_TARGET_NAME = JSCallOC;
				USES_XCTRUNNER = YES;
			};
			name = Debug;
		};
		52BC7FBB1BFB68A800642835 /* Release */ = {
			isa = XCBuildConfiguration;
			buildSettings = {
				ALWAYS_EMBED_SWIFT_STANDARD_LIBRARIES = YES;
				INFOPLIST_FILE = JSCallOCUITests/Info.plist;
				LD_RUNPATH_SEARCH_PATHS = "$(inherited) @executable_path/Frameworks @loader_path/Frameworks";
				PRODUCT_BUNDLE_IDENTIFIER = com.jakill.1977.JSCallOCUITests;
				PRODUCT_NAME = "$(TARGET_NAME)";
				TEST_TARGET_NAME = JSCallOC;
				USES_XCTRUNNER = YES;
			};
			name = Release;
		};
/* End XCBuildConfiguration section */

/* Begin XCConfigurationList section */
		52BC7F811BFB68A800642835 /* Build configuration list for PBXProject "JSCallOC" */ = {
			isa = XCConfigurationList;
			buildConfigurations = (
				52BC7FB11BFB68A800642835 /* Debug */,
				52BC7FB21BFB68A800642835 /* Release */,
			);
			defaultConfigurationIsVisible = 0;
			defaultConfigurationName = Release;
		};
		52BC7FB31BFB68A800642835 /* Build configuration list for PBXNativeTarget "JSCallOC" */ = {
			isa = XCConfigurationList;
			buildConfigurations = (
				52BC7FB41BFB68A800642835 /* Debug */,
				52BC7FB51BFB68A800642835 /* Release */,
			);
			defaultConfigurationIsVisible = 0;
			defaultConfigurationName = Release;
		};
		52BC7FB61BFB68A800642835 /* Build configuration list for PBXNativeTarget "JSCallOCTests" */ = {
			isa = XCConfigurationList;
			buildConfigurations = (
				52BC7FB71BFB68A800642835 /* Debug */,
				52BC7FB81BFB68A800642835 /* Release */,
			);
			defaultConfigurationIsVisible = 0;
			defaultConfigurationName = Release;
		};
		52BC7FB91BFB68A800642835 /* Build configuration list for PBXNativeTarget "JSCallOCUITests" */ = {
			isa = XCConfigurationList;
			buildConfigurations = (
				52BC7FBA1BFB68A800642835 /* Debug */,
				52BC7FBB1BFB68A800642835 /* Release */,
			);
			defaultConfigurationIsVisible = 0;
			defaultConfigurationName = Release;
		};
/* End XCConfigurationList section */

/* Begin XCVersionGroup section */
		18E8740E1ED6744800CAF89C /* Model.xcdatamodeld */ = {
			isa = XCVersionGroup;
			children = (
				180EE1621ED7C57700381806 /* Model 2.xcdatamodel */,
				18E8740F1ED6744800CAF89C /* Model.xcdatamodel */,
			);
			currentVersion = 18E8740F1ED6744800CAF89C /* Model.xcdatamodel */;
			path = Model.xcdatamodeld;
			sourceTree = "<group>";
			versionGroupType = wrapper.xcdatamodel;
		};
/* End XCVersionGroup section */
	};
	rootObject = 52BC7F7E1BFB68A800642835 /* Project object */;
}
